{
  "nodes": {
    "nixpkgs": {
      "locked": {
        "lastModified": 1759782252,
        "narHash": "sha256-uq6f0eMcRLZll0wJig+kDw0M+/bPWixv2gLs1+dT2nk=",
        "owner": "phanirithvij",
        "repo": "nixpkgs",
        "rev": "e444fd51d19a655d96da4aadf3815382bca05e4c",
        "type": "github"
      },
      "original": {
        "owner": "phanirithvij",
        "ref": "quickemu-patched",
        "repo": "nixpkgs",
        "type": "github"
      }
    },
    "root": {
      "inputs": {
        "nixpkgs": "nixpkgs"
      }
    }
  },
  "root": "root",
  "version": 7
}
